
Microsoft Visual Studio Solution File, Format Version 12.00
# Visual Studio Version 17
VisualStudioVersion = 17.8.34316.72
MinimumVisualStudioVersion = 10.0.40219.1
Project("{FAE04EC0-301F-11D3-BF4B-00C04F79EFBC}") = "MelodyMuse.Server", "MelodyMuse.Server\MelodyMuse.Server.csproj", "{12AE500B-81F1-49EF-883C-2C21A2D3AD85}"
EndProject
Project("{54A90642-561A-4BB1-A94E-469ADEE60C69}") = "melodymuse.client", "melodymuse.client\melodymuse.client.esproj", "{356AAC94-D22E-4E67-8EF0-B32443628591}"
EndProject
Global
	GlobalSection(SolutionConfigurationPlatforms) = preSolution
		Debug|Any CPU = Debug|Any CPU
		Release|Any CPU = Release|Any CPU
	EndGlobalSection
	GlobalSection(ProjectConfigurationPlatforms) = postSolution
		{12AE500B-81F1-49EF-883C-2C21A2D3AD85}.Debug|Any CPU.ActiveCfg = Debug|Any CPU
		{12AE500B-81F1-49EF-883C-2C21A2D3AD85}.Debug|Any CPU.Build.0 = Debug|Any CPU
		{12AE500B-81F1-49EF-883C-2C21A2D3AD85}.Release|Any CPU.ActiveCfg = Release|Any CPU
		{12AE500B-81F1-49EF-883C-2C21A2D3AD85}.Release|Any CPU.Build.0 = Release|Any CPU
		{356AAC94-D22E-4E67-8EF0-B32443628591}.Debug|Any CPU.ActiveCfg = Debug|Any CPU
		{356AAC94-D22E-4E67-8EF0-B32443628591}.Debug|Any CPU.Build.0 = Debug|Any CPU
		{356AAC94-D22E-4E67-8EF0-B32443628591}.Debug|Any CPU.Deploy.0 = Debug|Any CPU
		{356AAC94-D22E-4E67-8EF0-B32443628591}.Release|Any CPU.ActiveCfg = Release|Any CPU
		{356AAC94-D22E-4E67-8EF0-B32443628591}.Release|Any CPU.Build.0 = Release|Any CPU
		{356AAC94-D22E-4E67-8EF0-B32443628591}.Release|Any CPU.Deploy.0 = Release|Any CPU
	EndGlobalSection
	GlobalSection(SolutionProperties) = preSolution
		HideSolutionNode = FALSE
	EndGlobalSection
	GlobalSection(ExtensibilityGlobals) = postSolution
		SolutionGuid = {8F8217F0-795F-4939-AB61-EFE30E882184}
	EndGlobalSection
EndGlobal
